
Microsoft Visual Studio Solution File, Format Version 12.00
# Visual Studio Version 17
VisualStudioVersion = 17.11.35222.181
MinimumVisualStudioVersion = 10.0.40219.1
Project("{FAE04EC0-301F-11D3-BF4B-00C04F79EFBC}") = "View", "LabWork1\View.csproj", "{372C1BBD-6780-4579-A4FE-B9BD83610EAA}"
EndProject
Project("{FAE04EC0-301F-11D3-BF4B-00C04F79EFBC}") = "Model", "Model\Model.csproj", "{B7EC3C98-CB3D-4173-AA20-14197042FDB3}"
EndProject
Project("{FAE04EC0-301F-11D3-BF4B-00C04F79EFBC}") = "BusinessLogic", "BusinessLogic\BusinessLogic.csproj", "{E74B993D-A137-4E59-AF21-D5088FC01A61}"
EndProject
Project("{FAE04EC0-301F-11D3-BF4B-00C04F79EFBC}") = "Test", "Test\Test.csproj", "{ABE09334-75B2-421C-AAFB-67D4A54CE457}"
EndProject
Project("{FAE04EC0-301F-11D3-BF4B-00C04F79EFBC}") = "DataAccessLayer", "DataAccessLayer\DataAccessLayer.csproj", "{35F078AF-8CFD-4715-9435-8F61D7E8ED10}"
EndProject
Project("{FAE04EC0-301F-11D3-BF4B-00C04F79EFBC}") = "DataBaseTest", "DataBaseTest\DataBaseTest.csproj", "{FFF5E8EA-FCF3-4597-8802-B057A3CF7DAD}"
EndProject
Global
	GlobalSection(SolutionConfigurationPlatforms) = preSolution
		Debug|Any CPU = Debug|Any CPU
		Release|Any CPU = Release|Any CPU
	EndGlobalSection
	GlobalSection(ProjectConfigurationPlatforms) = postSolution
		{372C1BBD-6780-4579-A4FE-B9BD83610EAA}.Debug|Any CPU.ActiveCfg = Debug|Any CPU
		{372C1BBD-6780-4579-A4FE-B9BD83610EAA}.Debug|Any CPU.Build.0 = Debug|Any CPU
		{372C1BBD-6780-4579-A4FE-B9BD83610EAA}.Release|Any CPU.ActiveCfg = Release|Any CPU
		{372C1BBD-6780-4579-A4FE-B9BD83610EAA}.Release|Any CPU.Build.0 = Release|Any CPU
		{B7EC3C98-CB3D-4173-AA20-14197042FDB3}.Debug|Any CPU.ActiveCfg = Debug|Any CPU
		{B7EC3C98-CB3D-4173-AA20-14197042FDB3}.Debug|Any CPU.Build.0 = Debug|Any CPU
		{B7EC3C98-CB3D-4173-AA20-14197042FDB3}.Release|Any CPU.ActiveCfg = Release|Any CPU
		{B7EC3C98-CB3D-4173-AA20-14197042FDB3}.Release|Any CPU.Build.0 = Release|Any CPU
		{E74B993D-A137-4E59-AF21-D5088FC01A61}.Debug|Any CPU.ActiveCfg = Debug|Any CPU
		{E74B993D-A137-4E59-AF21-D5088FC01A61}.Debug|Any CPU.Build.0 = Debug|Any CPU
		{E74B993D-A137-4E59-AF21-D5088FC01A61}.Release|Any CPU.ActiveCfg = Release|Any CPU
		{E74B993D-A137-4E59-AF21-D5088FC01A61}.Release|Any CPU.Build.0 = Release|Any CPU
		{ABE09334-75B2-421C-AAFB-67D4A54CE457}.Debug|Any CPU.ActiveCfg = Debug|Any CPU
		{ABE09334-75B2-421C-AAFB-67D4A54CE457}.Debug|Any CPU.Build.0 = Debug|Any CPU
		{ABE09334-75B2-421C-AAFB-67D4A54CE457}.Release|Any CPU.ActiveCfg = Release|Any CPU
		{ABE09334-75B2-421C-AAFB-67D4A54CE457}.Release|Any CPU.Build.0 = Release|Any CPU
		{35F078AF-8CFD-4715-9435-8F61D7E8ED10}.Debug|Any CPU.ActiveCfg = Debug|Any CPU
		{35F078AF-8CFD-4715-9435-8F61D7E8ED10}.Debug|Any CPU.Build.0 = Debug|Any CPU
		{35F078AF-8CFD-4715-9435-8F61D7E8ED10}.Release|Any CPU.ActiveCfg = Release|Any CPU
		{35F078AF-8CFD-4715-9435-8F61D7E8ED10}.Release|Any CPU.Build.0 = Release|Any CPU
		{FFF5E8EA-FCF3-4597-8802-B057A3CF7DAD}.Debug|Any CPU.ActiveCfg = Debug|Any CPU
		{FFF5E8EA-FCF3-4597-8802-B057A3CF7DAD}.Debug|Any CPU.Build.0 = Debug|Any CPU
		{FFF5E8EA-FCF3-4597-8802-B057A3CF7DAD}.Release|Any CPU.ActiveCfg = Release|Any CPU
		{FFF5E8EA-FCF3-4597-8802-B057A3CF7DAD}.Release|Any CPU.Build.0 = Release|Any CPU
	EndGlobalSection
	GlobalSection(SolutionProperties) = preSolution
		HideSolutionNode = FALSE
	EndGlobalSection
	GlobalSection(ExtensibilityGlobals) = postSolution
		SolutionGuid = {F01842FB-E987-4F11-AA09-47EF2A8A87B7}
	EndGlobalSection
EndGlobal
